
Microsoft Visual Studio Solution File, Format Version 12.00
# Visual Studio Version 17
VisualStudioVersion = 17.3.32825.248
MinimumVisualStudioVersion = 10.0.40219.1
Project("{FAE04EC0-301F-11D3-BF4B-00C04F79EFBC}") = "Vista", "Vista\Vista.csproj", "{79E5DA82-D08D-4283-9F35-B56165B86834}"
EndProject
Project("{FAE04EC0-301F-11D3-BF4B-00C04F79EFBC}") = "Entidades", "Entidades\Entidades.csproj", "{05DC0058-C086-4B2A-9CB9-82FC26833B18}"
EndProject
Project("{FAE04EC0-301F-11D3-BF4B-00C04F79EFBC}") = "Datos", "Datos\Datos.csproj", "{4DF64CE4-79E6-49FE-8EFA-3777EA4D5983}"
EndProject
Global
	GlobalSection(SolutionConfigurationPlatforms) = preSolution
		Debug|Any CPU = Debug|Any CPU
		Release|Any CPU = Release|Any CPU
	EndGlobalSection
	GlobalSection(ProjectConfigurationPlatforms) = postSolution
		{79E5DA82-D08D-4283-9F35-B56165B86834}.Debug|Any CPU.ActiveCfg = Debug|Any CPU
		{79E5DA82-D08D-4283-9F35-B56165B86834}.Debug|Any CPU.Build.0 = Debug|Any CPU
		{79E5DA82-D08D-4283-9F35-B56165B86834}.Release|Any CPU.ActiveCfg = Release|Any CPU
		{79E5DA82-D08D-4283-9F35-B56165B86834}.Release|Any CPU.Build.0 = Release|Any CPU
		{05DC0058-C086-4B2A-9CB9-82FC26833B18}.Debug|Any CPU.ActiveCfg = Debug|Any CPU
		{05DC0058-C086-4B2A-9CB9-82FC26833B18}.Debug|Any CPU.Build.0 = Debug|Any CPU
		{05DC0058-C086-4B2A-9CB9-82FC26833B18}.Release|Any CPU.ActiveCfg = Release|Any CPU
		{05DC0058-C086-4B2A-9CB9-82FC26833B18}.Release|Any CPU.Build.0 = Release|Any CPU
		{4DF64CE4-79E6-49FE-8EFA-3777EA4D5983}.Debug|Any CPU.ActiveCfg = Debug|Any CPU
		{4DF64CE4-79E6-49FE-8EFA-3777EA4D5983}.Debug|Any CPU.Build.0 = Debug|Any CPU
		{4DF64CE4-79E6-49FE-8EFA-3777EA4D5983}.Release|Any CPU.ActiveCfg = Release|Any CPU
		{4DF64CE4-79E6-49FE-8EFA-3777EA4D5983}.Release|Any CPU.Build.0 = Release|Any CPU
	EndGlobalSection
	GlobalSection(SolutionProperties) = preSolution
		HideSolutionNode = FALSE
	EndGlobalSection
	GlobalSection(ExtensibilityGlobals) = postSolution
		SolutionGuid = {621AFC32-988B-4D52-8ED6-F6EE2171B031}
	EndGlobalSection
EndGlobal
